
Microsoft Visual Studio Solution File, Format Version 12.00
# Visual Studio Version 17
VisualStudioVersion = 17.2.32516.85
MinimumVisualStudioVersion = 10.0.40219.1
Project("{FAE04EC0-301F-11D3-BF4B-00C04F79EFBC}") = "VisitACityScraper", "VisitACityScraper\VisitACityScraper.csproj", "{B61EC8A3-D9C9-4D90-BFF8-BC1D5C0B8AAF}"
EndProject
Global
	GlobalSection(SolutionConfigurationPlatforms) = preSolution
		Debug|Any CPU = Debug|Any CPU
		Release|Any CPU = Release|Any CPU
	EndGlobalSection
	GlobalSection(ProjectConfigurationPlatforms) = postSolution
		{B61EC8A3-D9C9-4D90-BFF8-BC1D5C0B8AAF}.Debug|Any CPU.ActiveCfg = Debug|Any CPU
		{B61EC8A3-D9C9-4D90-BFF8-BC1D5C0B8AAF}.Debug|Any CPU.Build.0 = Debug|Any CPU
		{B61EC8A3-D9C9-4D90-BFF8-BC1D5C0B8AAF}.Release|Any CPU.ActiveCfg = Release|Any CPU
		{B61EC8A3-D9C9-4D90-BFF8-BC1D5C0B8AAF}.Release|Any CPU.Build.0 = Release|Any CPU
	EndGlobalSection
	GlobalSection(SolutionProperties) = preSolution
		HideSolutionNode = FALSE
	EndGlobalSection
	GlobalSection(ExtensibilityGlobals) = postSolution
		SolutionGuid = {D55851C4-F647-4223-9877-614AE1C8F0AB}
	EndGlobalSection
EndGlobal
