
Microsoft Visual Studio Solution File, Format Version 12.00
# Visual Studio Version 17
VisualStudioVersion = 17.2.32516.85
MinimumVisualStudioVersion = 10.0.40219.1
Project("{FAE04EC0-301F-11D3-BF4B-00C04F79EFBC}") = "CSharpRefactoring", "CSharpRefactoring.csproj", "{298A9462-DF90-4E93-B4BB-A18D6457C005}"
EndProject
Global
	GlobalSection(SolutionConfigurationPlatforms) = preSolution
		Debug|Any CPU = Debug|Any CPU
		Release|Any CPU = Release|Any CPU
	EndGlobalSection
	GlobalSection(ProjectConfigurationPlatforms) = postSolution
		{298A9462-DF90-4E93-B4BB-A18D6457C005}.Debug|Any CPU.ActiveCfg = Debug|Any CPU
		{298A9462-DF90-4E93-B4BB-A18D6457C005}.Debug|Any CPU.Build.0 = Debug|Any CPU
		{298A9462-DF90-4E93-B4BB-A18D6457C005}.Release|Any CPU.ActiveCfg = Release|Any CPU
		{298A9462-DF90-4E93-B4BB-A18D6457C005}.Release|Any CPU.Build.0 = Release|Any CPU
	EndGlobalSection
	GlobalSection(SolutionProperties) = preSolution
		HideSolutionNode = FALSE
	EndGlobalSection
	GlobalSection(ExtensibilityGlobals) = postSolution
		SolutionGuid = {6633A6DD-9C66-4366-AC52-D29A315685A3}
	EndGlobalSection
EndGlobal
